// !$*UTF8*$!
{
	archiveVersion = 1;
	classes = {
	};
	objectVersion = 50;
	objects = {

/* Begin PBXBuildFile section */
		27E8523424A4EDB600096194 /* AppDelegate.swift in Sources */ = {isa = PBXBuildFile; fileRef = 27E8523324A4EDB600096194 /* AppDelegate.swift */; };
		27E8523624A4EDB600096194 /* SceneDelegate.swift in Sources */ = {isa = PBXBuildFile; fileRef = 27E8523524A4EDB600096194 /* SceneDelegate.swift */; };
		27E8523B24A4EDB600096194 /* Main.storyboard in Resources */ = {isa = PBXBuildFile; fileRef = 27E8523924A4EDB600096194 /* Main.storyboard */; };
		27E8523D24A4EDB700096194 /* Assets.xcassets in Resources */ = {isa = PBXBuildFile; fileRef = 27E8523C24A4EDB700096194 /* Assets.xcassets */; };
		27E8524024A4EDB700096194 /* LaunchScreen.storyboard in Resources */ = {isa = PBXBuildFile; fileRef = 27E8523E24A4EDB700096194 /* LaunchScreen.storyboard */; };
		27E8524B24A4EDB700096194 /* FlowCoordinatorsTests.swift in Sources */ = {isa = PBXBuildFile; fileRef = 27E8524A24A4EDB700096194 /* FlowCoordinatorsTests.swift */; };
		27E8526024A4EDEF00096194 /* ViewController.swift in Sources */ = {isa = PBXBuildFile; fileRef = 27E8525624A4EDEF00096194 /* ViewController.swift */; };
		27E8526124A4EDEF00096194 /* NavigationController.swift in Sources */ = {isa = PBXBuildFile; fileRef = 27E8525724A4EDEF00096194 /* NavigationController.swift */; };
		27E8526224A4EDEF00096194 /* FlowEvent.swift in Sources */ = {isa = PBXBuildFile; fileRef = 27E8525924A4EDEF00096194 /* FlowEvent.swift */; };
		27E8526324A4EDEF00096194 /* FlowIdentifier.swift in Sources */ = {isa = PBXBuildFile; fileRef = 27E8525A24A4EDEF00096194 /* FlowIdentifier.swift */; };
		27E8526424A4EDEF00096194 /* NavigationStackFlowController.swift in Sources */ = {isa = PBXBuildFile; fileRef = 27E8525B24A4EDEF00096194 /* NavigationStackFlowController.swift */; };
		27E8526524A4EDEF00096194 /* NavigationPresenter.swift in Sources */ = {isa = PBXBuildFile; fileRef = 27E8525D24A4EDEF00096194 /* NavigationPresenter.swift */; };
		27E8526624A4EDEF00096194 /* PlainFlowController.swift in Sources */ = {isa = PBXBuildFile; fileRef = 27E8525E24A4EDEF00096194 /* PlainFlowController.swift */; };
		27E8526724A4EDEF00096194 /* FlowController.swift in Sources */ = {isa = PBXBuildFile; fileRef = 27E8525F24A4EDEF00096194 /* FlowController.swift */; };
		27E8526B24A4EE8700096194 /* TemplateViewController.swift in Sources */ = {isa = PBXBuildFile; fileRef = 27E8526824A4EE8700096194 /* TemplateViewController.swift */; };
		27E8526C24A4EE8700096194 /* TemplateViewController.xib in Resources */ = {isa = PBXBuildFile; fileRef = 27E8526924A4EE8700096194 /* TemplateViewController.xib */; };
		27E8526D24A4EE8700096194 /* ViewFlowController.swift in Sources */ = {isa = PBXBuildFile; fileRef = 27E8526A24A4EE8700096194 /* ViewFlowController.swift */; };
/* End PBXBuildFile section */

/* Begin PBXContainerItemProxy section */
		27E8524724A4EDB700096194 /* PBXContainerItemProxy */ = {
			isa = PBXContainerItemProxy;
			containerPortal = 27E8522824A4EDB600096194 /* Project object */;
			proxyType = 1;
			remoteGlobalIDString = 27E8522F24A4EDB600096194;
			remoteInfo = FlowCoordinators;
		};
/* End PBXContainerItemProxy section */

/* Begin PBXFileReference section */
		27E8523024A4EDB600096194 /* FlowCoordinators.app */ = {isa = PBXFileReference; explicitFileType = wrapper.application; includeInIndex = 0; path = FlowCoordinators.app; sourceTree = BUILT_PRODUCTS_DIR; };
		27E8523324A4EDB600096194 /* AppDelegate.swift */ = {isa = PBXFileReference; lastKnownFileType = sourcecode.swift; path = AppDelegate.swift; sourceTree = "<group>"; };
		27E8523524A4EDB600096194 /* SceneDelegate.swift */ = {isa = PBXFileReference; lastKnownFileType = sourcecode.swift; path = SceneDelegate.swift; sourceTree = "<group>"; };
		27E8523A24A4EDB600096194 /* Base */ = {isa = PBXFileReference; lastKnownFileType = file.storyboard; name = Base; path = Base.lproj/Main.storyboard; sourceTree = "<group>"; };
		27E8523C24A4EDB700096194 /* Assets.xcassets */ = {isa = PBXFileReference; lastKnownFileType = folder.assetcatalog; path = Assets.xcassets; sourceTree = "<group>"; };
		27E8523F24A4EDB700096194 /* Base */ = {isa = PBXFileReference; lastKnownFileType = file.storyboard; name = Base; path = Base.lproj/LaunchScreen.storyboard; sourceTree = "<group>"; };
		27E8524124A4EDB700096194 /* Info.plist */ = {isa = PBXFileReference; lastKnownFileType = text.plist.xml; path = Info.plist; sourceTree = "<group>"; };
		27E8524624A4EDB700096194 /* FlowCoordinatorsTests.xctest */ = {isa = PBXFileReference; explicitFileType = wrapper.cfbundle; includeInIndex = 0; path = FlowCoordinatorsTests.xctest; sourceTree = BUILT_PRODUCTS_DIR; };
		27E8524A24A4EDB700096194 /* FlowCoordinatorsTests.swift */ = {isa = PBXFileReference; lastKnownFileType = sourcecode.swift; path = FlowCoordinatorsTests.swift; sourceTree = "<group>"; };
		27E8524C24A4EDB700096194 /* Info.plist */ = {isa = PBXFileReference; lastKnownFileType = text.plist.xml; path = Info.plist; sourceTree = "<group>"; };
		27E8525624A4EDEF00096194 /* ViewController.swift */ = {isa = PBXFileReference; fileEncoding = 4; lastKnownFileType = sourcecode.swift; path = ViewController.swift; sourceTree = "<group>"; };
		27E8525724A4EDEF00096194 /* NavigationController.swift */ = {isa = PBXFileReference; fileEncoding = 4; lastKnownFileType = sourcecode.swift; path = NavigationController.swift; sourceTree = "<group>"; };
		27E8525924A4EDEF00096194 /* FlowEvent.swift */ = {isa = PBXFileReference; fileEncoding = 4; lastKnownFileType = sourcecode.swift; path = FlowEvent.swift; sourceTree = "<group>"; };
		27E8525A24A4EDEF00096194 /* FlowIdentifier.swift */ = {isa = PBXFileReference; fileEncoding = 4; lastKnownFileType = sourcecode.swift; path = FlowIdentifier.swift; sourceTree = "<group>"; };
		27E8525B24A4EDEF00096194 /* NavigationStackFlowController.swift */ = {isa = PBXFileReference; fileEncoding = 4; lastKnownFileType = sourcecode.swift; path = NavigationStackFlowController.swift; sourceTree = "<group>"; };
		27E8525D24A4EDEF00096194 /* NavigationPresenter.swift */ = {isa = PBXFileReference; fileEncoding = 4; lastKnownFileType = sourcecode.swift; path = NavigationPresenter.swift; sourceTree = "<group>"; };
		27E8525E24A4EDEF00096194 /* PlainFlowController.swift */ = {isa = PBXFileReference; fileEncoding = 4; lastKnownFileType = sourcecode.swift; path = PlainFlowController.swift; sourceTree = "<group>"; };
		27E8525F24A4EDEF00096194 /* FlowController.swift */ = {isa = PBXFileReference; fileEncoding = 4; lastKnownFileType = sourcecode.swift; path = FlowController.swift; sourceTree = "<group>"; };
		27E8526824A4EE8700096194 /* TemplateViewController.swift */ = {isa = PBXFileReference; fileEncoding = 4; lastKnownFileType = sourcecode.swift; path = TemplateViewController.swift; sourceTree = "<group>"; };
		27E8526924A4EE8700096194 /* TemplateViewController.xib */ = {isa = PBXFileReference; fileEncoding = 4; lastKnownFileType = file.xib; path = TemplateViewController.xib; sourceTree = "<group>"; };
		27E8526A24A4EE8700096194 /* ViewFlowController.swift */ = {isa = PBXFileReference; fileEncoding = 4; lastKnownFileType = sourcecode.swift; path = ViewFlowController.swift; sourceTree = "<group>"; };
/* End PBXFileReference section */

/* Begin PBXFrameworksBuildPhase section */
		27E8522D24A4EDB600096194 /* Frameworks */ = {
			isa = PBXFrameworksBuildPhase;
			buildActionMask = 2147483647;
			files = (
			);
			runOnlyForDeploymentPostprocessing = 0;
		};
		27E8524324A4EDB700096194 /* Frameworks */ = {
			isa = PBXFrameworksBuildPhase;
			buildActionMask = 2147483647;
			files = (
			);
			runOnlyForDeploymentPostprocessing = 0;
		};
/* End PBXFrameworksBuildPhase section */

/* Begin PBXGroup section */
		27E8522724A4EDB600096194 = {
			isa = PBXGroup;
			children = (
				27E8523224A4EDB600096194 /* FlowCoordinators */,
				27E8524924A4EDB700096194 /* FlowCoordinatorsTests */,
				27E8523124A4EDB600096194 /* Products */,
			);
			sourceTree = "<group>";
		};
		27E8523124A4EDB600096194 /* Products */ = {
			isa = PBXGroup;
			children = (
				27E8523024A4EDB600096194 /* FlowCoordinators.app */,
				27E8524624A4EDB700096194 /* FlowCoordinatorsTests.xctest */,
			);
			name = Products;
			sourceTree = "<group>";
		};
		27E8523224A4EDB600096194 /* FlowCoordinators */ = {
			isa = PBXGroup;
			children = (
				27E8525824A4EDEF00096194 /* FlowController */,
				27E8525524A4EDEF00096194 /* ViewControllers */,
				27E8523324A4EDB600096194 /* AppDelegate.swift */,
				27E8526A24A4EE8700096194 /* ViewFlowController.swift */,
				27E8526824A4EE8700096194 /* TemplateViewController.swift */,
				27E8526924A4EE8700096194 /* TemplateViewController.xib */,
				27E8523524A4EDB600096194 /* SceneDelegate.swift */,
				27E8523924A4EDB600096194 /* Main.storyboard */,
				27E8523C24A4EDB700096194 /* Assets.xcassets */,
				27E8523E24A4EDB700096194 /* LaunchScreen.storyboard */,
				27E8524124A4EDB700096194 /* Info.plist */,
			);
			path = FlowCoordinators;
			sourceTree = "<group>";
		};
		27E8524924A4EDB700096194 /* FlowCoordinatorsTests */ = {
			isa = PBXGroup;
			children = (
				27E8524A24A4EDB700096194 /* FlowCoordinatorsTests.swift */,
				27E8524C24A4EDB700096194 /* Info.plist */,
			);
			path = FlowCoordinatorsTests;
			sourceTree = "<group>";
		};
		27E8525524A4EDEF00096194 /* ViewControllers */ = {
			isa = PBXGroup;
			children = (
				27E8525624A4EDEF00096194 /* ViewController.swift */,
				27E8525724A4EDEF00096194 /* NavigationController.swift */,
			);
			path = ViewControllers;
			sourceTree = "<group>";
		};
		27E8525824A4EDEF00096194 /* FlowController */ = {
			isa = PBXGroup;
			children = (
				27E8525924A4EDEF00096194 /* FlowEvent.swift */,
				27E8525A24A4EDEF00096194 /* FlowIdentifier.swift */,
				27E8525B24A4EDEF00096194 /* NavigationStackFlowController.swift */,
				27E8525C24A4EDEF00096194 /* Presenters */,
				27E8525E24A4EDEF00096194 /* PlainFlowController.swift */,
				27E8525F24A4EDEF00096194 /* FlowController.swift */,
			);
			path = FlowController;
			sourceTree = "<group>";
		};
		27E8525C24A4EDEF00096194 /* Presenters */ = {
			isa = PBXGroup;
			children = (
				27E8525D24A4EDEF00096194 /* NavigationPresenter.swift */,
			);
			path = Presenters;
			sourceTree = "<group>";
		};
/* End PBXGroup section */

/* Begin PBXNativeTarget section */
		27E8522F24A4EDB600096194 /* FlowCoordinators */ = {
			isa = PBXNativeTarget;
			buildConfigurationList = 27E8524F24A4EDB700096194 /* Build configuration list for PBXNativeTarget "FlowCoordinators" */;
			buildPhases = (
				27E8522C24A4EDB600096194 /* Sources */,
				27E8522D24A4EDB600096194 /* Frameworks */,
				27E8522E24A4EDB600096194 /* Resources */,
			);
			buildRules = (
			);
			dependencies = (
			);
			name = FlowCoordinators;
			productName = FlowCoordinators;
			productReference = 27E8523024A4EDB600096194 /* FlowCoordinators.app */;
			productType = "com.apple.product-type.application";
		};
		27E8524524A4EDB700096194 /* FlowCoordinatorsTests */ = {
			isa = PBXNativeTarget;
			buildConfigurationList = 27E8525224A4EDB700096194 /* Build configuration list for PBXNativeTarget "FlowCoordinatorsTests" */;
			buildPhases = (
				27E8524224A4EDB700096194 /* Sources */,
				27E8524324A4EDB700096194 /* Frameworks */,
				27E8524424A4EDB700096194 /* Resources */,
			);
			buildRules = (
			);
			dependencies = (
				27E8524824A4EDB700096194 /* PBXTargetDependency */,
			);
			name = FlowCoordinatorsTests;
			productName = FlowCoordinatorsTests;
			productReference = 27E8524624A4EDB700096194 /* FlowCoordinatorsTests.xctest */;
			productType = "com.apple.product-type.bundle.unit-test";
		};
/* End PBXNativeTarget section */

/* Begin PBXProject section */
		27E8522824A4EDB600096194 /* Project object */ = {
			isa = PBXProject;
			attributes = {
				LastSwiftUpdateCheck = 1140;
				LastUpgradeCheck = 1140;
				ORGANIZATIONNAME = "Joachim Kret";
				TargetAttributes = {
					27E8522F24A4EDB600096194 = {
						CreatedOnToolsVersion = 11.4.1;
					};
					27E8524524A4EDB700096194 = {
						CreatedOnToolsVersion = 11.4.1;
						TestTargetID = 27E8522F24A4EDB600096194;
					};
				};
			};
			buildConfigurationList = 27E8522B24A4EDB600096194 /* Build configuration list for PBXProject "FlowCoordinators" */;
			compatibilityVersion = "Xcode 9.3";
			developmentRegion = en;
			hasScannedForEncodings = 0;
			knownRegions = (
				en,
				Base,
			);
			mainGroup = 27E8522724A4EDB600096194;
			productRefGroup = 27E8523124A4EDB600096194 /* Products */;
			projectDirPath = "";
			projectRoot = "";
			targets = (
				27E8522F24A4EDB600096194 /* FlowCoordinators */,
				27E8524524A4EDB700096194 /* FlowCoordinatorsTests */,
			);
		};
/* End PBXProject section */

/* Begin PBXResourcesBuildPhase section */
		27E8522E24A4EDB600096194 /* Resources */ = {
			isa = PBXResourcesBuildPhase;
			buildActionMask = 2147483647;
			files = (
				27E8524024A4EDB700096194 /* LaunchScreen.storyboard in Resources */,
				27E8523D24A4EDB700096194 /* Assets.xcassets in Resources */,
				27E8526C24A4EE8700096194 /* TemplateViewController.xib in Resources */,
				27E8523B24A4EDB600096194 /* Main.storyboard in Resources */,
			);
			runOnlyForDeploymentPostprocessing = 0;
		};
		27E8524424A4EDB700096194 /* Resources */ = {
			isa = PBXResourcesBuildPhase;
			buildActionMask = 2147483647;
			files = (
			);
			runOnlyForDeploymentPostprocessing = 0;
		};
/* End PBXResourcesBuildPhase section */

/* Begin PBXSourcesBuildPhase section */
		27E8522C24A4EDB600096194 /* Sources */ = {
			isa = PBXSourcesBuildPhase;
			buildActionMask = 2147483647;
			files = (
				27E8526624A4EDEF00096194 /* PlainFlowController.swift in Sources */,
				27E8526424A4EDEF00096194 /* NavigationStackFlowController.swift in Sources */,
				27E8526724A4EDEF00096194 /* FlowController.swift in Sources */,
				27E8523424A4EDB600096194 /* AppDelegate.swift in Sources */,
				27E8526324A4EDEF00096194 /* FlowIdentifier.swift in Sources */,
				27E8526B24A4EE8700096194 /* TemplateViewController.swift in Sources */,
				27E8526D24A4EE8700096194 /* ViewFlowController.swift in Sources */,
				27E8526124A4EDEF00096194 /* NavigationController.swift in Sources */,
				27E8526024A4EDEF00096194 /* ViewController.swift in Sources */,
				27E8526224A4EDEF00096194 /* FlowEvent.swift in Sources */,
				27E8523624A4EDB600096194 /* SceneDelegate.swift in Sources */,
				27E8526524A4EDEF00096194 /* NavigationPresenter.swift in Sources */,
			);
			runOnlyForDeploymentPostprocessing = 0;
		};
		27E8524224A4EDB700096194 /* Sources */ = {
			isa = PBXSourcesBuildPhase;
			buildActionMask = 2147483647;
			files = (
				27E8524B24A4EDB700096194 /* FlowCoordinatorsTests.swift in Sources */,
			);
			runOnlyForDeploymentPostprocessing = 0;
		};
/* End PBXSourcesBuildPhase section */

/* Begin PBXTargetDependency section */
		27E8524824A4EDB700096194 /* PBXTargetDependency */ = {
			isa = PBXTargetDependency;
			target = 27E8522F24A4EDB600096194 /* FlowCoordinators */;
			targetProxy = 27E8524724A4EDB700096194 /* PBXContainerItemProxy */;
		};
/* End PBXTargetDependency section */

/* Begin PBXVariantGroup section */
		27E8523924A4EDB600096194 /* Main.storyboard */ = {
			isa = PBXVariantGroup;
			children = (
				27E8523A24A4EDB600096194 /* Base */,
			);
			name = Main.storyboard;
			sourceTree = "<group>";
		};
		27E8523E24A4EDB700096194 /* LaunchScreen.storyboard */ = {
			isa = PBXVariantGroup;
			children = (
				27E8523F24A4EDB700096194 /* Base */,
			);
			name = LaunchScreen.storyboard;
			sourceTree = "<group>";
		};
/* End PBXVariantGroup section */

/* Begin XCBuildConfiguration section */
		27E8524D24A4EDB700096194 /* Debug */ = {
			isa = XCBuildConfiguration;
			buildSettings = {
				ALWAYS_SEARCH_USER_PATHS = NO;
				CLANG_ANALYZER_NONNULL = YES;
				CLANG_ANALYZER_NUMBER_OBJECT_CONVERSION = YES_AGGRESSIVE;
				CLANG_CXX_LANGUAGE_STANDARD = "gnu++14";
				CLANG_CXX_LIBRARY = "libc++";
				CLANG_ENABLE_MODULES = YES;
				CLANG_ENABLE_OBJC_ARC = YES;
				CLANG_ENABLE_OBJC_WEAK = YES;
				CLANG_WARN_BLOCK_CAPTURE_AUTORELEASING = YES;
				CLANG_WARN_BOOL_CONVERSION = YES;
				CLANG_WARN_COMMA = YES;
				CLANG_WARN_CONSTANT_CONVERSION = YES;
				CLANG_WARN_DEPRECATED_OBJC_IMPLEMENTATIONS = YES;
				CLANG_WARN_DIRECT_OBJC_ISA_USAGE = YES_ERROR;
				CLANG_WARN_DOCUMENTATION_COMMENTS = YES;
				CLANG_WARN_EMPTY_BODY = YES;
				CLANG_WARN_ENUM_CONVERSION = YES;
				CLANG_WARN_INFINITE_RECURSION = YES;
				CLANG_WARN_INT_CONVERSION = YES;
				CLANG_WARN_NON_LITERAL_NULL_CONVERSION = YES;
				CLANG_WARN_OBJC_IMPLICIT_RETAIN_SELF = YES;
				CLANG_WARN_OBJC_LITERAL_CONVERSION = YES;
				CLANG_WARN_OBJC_ROOT_CLASS = YES_ERROR;
				CLANG_WARN_RANGE_LOOP_ANALYSIS = YES;
				CLANG_WARN_STRICT_PROTOTYPES = YES;
				CLANG_WARN_SUSPICIOUS_MOVE = YES;
				CLANG_WARN_UNGUARDED_AVAILABILITY = YES_AGGRESSIVE;
				CLANG_WARN_UNREACHABLE_CODE = YES;
				CLANG_WARN__DUPLICATE_METHOD_MATCH = YES;
				COPY_PHASE_STRIP = NO;
				DEBUG_INFORMATION_FORMAT = dwarf;
				ENABLE_STRICT_OBJC_MSGSEND = YES;
				ENABLE_TESTABILITY = YES;
				GCC_C_LANGUAGE_STANDARD = gnu11;
				GCC_DYNAMIC_NO_PIC = NO;
				GCC_NO_COMMON_BLOCKS = YES;
				GCC_OPTIMIZATION_LEVEL = 0;
				GCC_PREPROCESSOR_DEFINITIONS = (
					"DEBUG=1",
					"$(inherited)",
				);
				GCC_WARN_64_TO_32_BIT_CONVERSION = YES;
				GCC_WARN_ABOUT_RETURN_TYPE = YES_ERROR;
				GCC_WARN_UNDECLARED_SELECTOR = YES;
				GCC_WARN_UNINITIALIZED_AUTOS = YES_AGGRESSIVE;
				GCC_WARN_UNUSED_FUNCTION = YES;
				GCC_WARN_UNUSED_VARIABLE = YES;
				IPHONEOS_DEPLOYMENT_TARGET = 13.4;
				MTL_ENABLE_DEBUG_INFO = INCLUDE_SOURCE;
				MTL_FAST_MATH = YES;
				ONLY_ACTIVE_ARCH = YES;
				SDKROOT = iphoneos;
				SWIFT_ACTIVE_COMPILATION_CONDITIONS = DEBUG;
				SWIFT_OPTIMIZATION_LEVEL = "-Onone";
			};
			name = Debug;
		};
		27E8524E24A4EDB700096194 /* Release */ = {
			isa = XCBuildConfiguration;
			buildSettings = {
				ALWAYS_SEARCH_USER_PATHS = NO;
				CLANG_ANALYZER_NONNULL = YES;
				CLANG_ANALYZER_NUMBER_OBJECT_CONVERSION = YES_AGGRESSIVE;
				CLANG_CXX_LANGUAGE_STANDARD = "gnu++14";
				CLANG_CXX_LIBRARY = "libc++";
				CLANG_ENABLE_MODULES = YES;
				CLANG_ENABLE_OBJC_ARC = YES;
				CLANG_ENABLE_OBJC_WEAK = YES;
				CLANG_WARN_BLOCK_CAPTURE_AUTORELEASING = YES;
				CLANG_WARN_BOOL_CONVERSION = YES;
				CLANG_WARN_COMMA = YES;
				CLANG_WARN_CONSTANT_CONVERSION = YES;
				CLANG_WARN_DEPRECATED_OBJC_IMPLEMENTATIONS = YES;
				CLANG_WARN_DIRECT_OBJC_ISA_USAGE = YES_ERROR;
				CLANG_WARN_DOCUMENTATION_COMMENTS = YES;
				CLANG_WARN_EMPTY_BODY = YES;
				CLANG_WARN_ENUM_CONVERSION = YES;
				CLANG_WARN_INFINITE_RECURSION = YES;
				CLANG_WARN_INT_CONVERSION = YES;
				CLANG_WARN_NON_LITERAL_NULL_CONVERSION = YES;
				CLANG_WARN_OBJC_IMPLICIT_RETAIN_SELF = YES;
				CLANG_WARN_OBJC_LITERAL_CONVERSION = YES;
				CLANG_WARN_OBJC_ROOT_CLASS = YES_ERROR;
				CLANG_WARN_RANGE_LOOP_ANALYSIS = YES;
				CLANG_WARN_STRICT_PROTOTYPES = YES;
				CLANG_WARN_SUSPICIOUS_MOVE = YES;
				CLANG_WARN_UNGUARDED_AVAILABILITY = YES_AGGRESSIVE;
				CLANG_WARN_UNREACHABLE_CODE = YES;
				CLANG_WARN__DUPLICATE_METHOD_MATCH = YES;
				COPY_PHASE_STRIP = NO;
				DEBUG_INFORMATION_FORMAT = "dwarf-with-dsym";
				ENABLE_NS_ASSERTIONS = NO;
				ENABLE_STRICT_OBJC_MSGSEND = YES;
				GCC_C_LANGUAGE_STANDARD = gnu11;
				GCC_NO_COMMON_BLOCKS = YES;
				GCC_WARN_64_TO_32_BIT_CONVERSION = YES;
				GCC_WARN_ABOUT_RETURN_TYPE = YES_ERROR;
				GCC_WARN_UNDECLARED_SELECTOR = YES;
				GCC_WARN_UNINITIALIZED_AUTOS = YES_AGGRESSIVE;
				GCC_WARN_UNUSED_FUNCTION = YES;
				GCC_WARN_UNUSED_VARIABLE = YES;
				IPHONEOS_DEPLOYMENT_TARGET = 13.4;
				MTL_ENABLE_DEBUG_INFO = NO;
				MTL_FAST_MATH = YES;
				SDKROOT = iphoneos;
				SWIFT_COMPILATION_MODE = wholemodule;
				SWIFT_OPTIMIZATION_LEVEL = "-O";
				VALIDATE_PRODUCT = YES;
			};
			name = Release;
		};
		27E8525024A4EDB700096194 /* Debug */ = {
			isa = XCBuildConfiguration;
			buildSettings = {
				ASSETCATALOG_COMPILER_APPICON_NAME = AppIcon;
				CODE_SIGN_STYLE = Automatic;
				INFOPLIST_FILE = FlowCoordinators/Info.plist;
				LD_RUNPATH_SEARCH_PATHS = (
					"$(inherited)",
					"@executable_path/Frameworks",
				);
				PRODUCT_BUNDLE_IDENTIFIER = Toyota.FlowCoordinators;
				PRODUCT_NAME = "$(TARGET_NAME)";
				SWIFT_VERSION = 5.0;
				TARGETED_DEVICE_FAMILY = "1,2";
			};
			name = Debug;
		};
		27E8525124A4EDB700096194 /* Release */ = {
			isa = XCBuildConfiguration;
			buildSettings = {
				ASSETCATALOG_COMPILER_APPICON_NAME = AppIcon;
				CODE_SIGN_STYLE = Automatic;
				INFOPLIST_FILE = FlowCoordinators/Info.plist;
				LD_RUNPATH_SEARCH_PATHS = (
					"$(inherited)",
					"@executable_path/Frameworks",
				);
				PRODUCT_BUNDLE_IDENTIFIER = Toyota.FlowCoordinators;
				PRODUCT_NAME = "$(TARGET_NAME)";
				SWIFT_VERSION = 5.0;
				TARGETED_DEVICE_FAMILY = "1,2";
			};
			name = Release;
		};
		27E8525324A4EDB700096194 /* Debug */ = {
			isa = XCBuildConfiguration;
			buildSettings = {
				ALWAYS_EMBED_SWIFT_STANDARD_LIBRARIES = YES;
				BUNDLE_LOADER = "$(TEST_HOST)";
				CODE_SIGN_STYLE = Automatic;
				INFOPLIST_FILE = FlowCoordinatorsTests/Info.plist;
				IPHONEOS_DEPLOYMENT_TARGET = 13.4;
				LD_RUNPATH_SEARCH_PATHS = (
					"$(inherited)",
					"@executable_path/Frameworks",
					"@loader_path/Frameworks",
				);
				PRODUCT_BUNDLE_IDENTIFIER = Toyota.FlowCoordinatorsTests;
				PRODUCT_NAME = "$(TARGET_NAME)";
				SWIFT_VERSION = 5.0;
				TARGETED_DEVICE_FAMILY = "1,2";
				TEST_HOST = "$(BUILT_PRODUCTS_DIR)/FlowCoordinators.app/FlowCoordinators";
			};
			name = Debug;
		};
		27E8525424A4EDB700096194 /* Release */ = {
			isa = XCBuildConfiguration;
			buildSettings = {
				ALWAYS_EMBED_SWIFT_STANDARD_LIBRARIES = YES;
				BUNDLE_LOADER = "$(TEST_HOST)";
				CODE_SIGN_STYLE = Automatic;
				INFOPLIST_FILE = FlowCoordinatorsTests/Info.plist;
				IPHONEOS_DEPLOYMENT_TARGET = 13.4;
				LD_RUNPATH_SEARCH_PATHS = (
					"$(inherited)",
					"@executable_path/Frameworks",
					"@loader_path/Frameworks",
				);
				PRODUCT_BUNDLE_IDENTIFIER = Toyota.FlowCoordinatorsTests;
				PRODUCT_NAME = "$(TARGET_NAME)";
				SWIFT_VERSION = 5.0;
				TARGETED_DEVICE_FAMILY = "1,2";
				TEST_HOST = "$(BUILT_PRODUCTS_DIR)/FlowCoordinators.app/FlowCoordinators";
			};
			name = Release;
		};
/* End XCBuildConfiguration section */

/* Begin XCConfigurationList section */
		27E8522B24A4EDB600096194 /* Build configuration list for PBXProject "FlowCoordinators" */ = {
			isa = XCConfigurationList;
			buildConfigurations = (
				27E8524D24A4EDB700096194 /* Debug */,
				27E8524E24A4EDB700096194 /* Release */,
			);
			defaultConfigurationIsVisible = 0;
			defaultConfigurationName = Release;
		};
		27E8524F24A4EDB700096194 /* Build configuration list for PBXNativeTarget "FlowCoordinators" */ = {
			isa = XCConfigurationList;
			buildConfigurations = (
				27E8525024A4EDB700096194 /* Debug */,
				27E8525124A4EDB700096194 /* Release */,
			);
			defaultConfigurationIsVisible = 0;
			defaultConfigurationName = Release;
		};
		27E8525224A4EDB700096194 /* Build configuration list for PBXNativeTarget "FlowCoordinatorsTests" */ = {
			isa = XCConfigurationList;
			buildConfigurations = (
				27E8525324A4EDB700096194 /* Debug */,
				27E8525424A4EDB700096194 /* Release */,
			);
			defaultConfigurationIsVisible = 0;
			defaultConfigurationName = Release;
		};
/* End XCConfigurationList section */
	};
	rootObject = 27E8522824A4EDB600096194 /* Project object */;
}
